Microsoft Visual Studio Solution File, Format Version 12.00
# Visual Studio Version 17
VisualStudioVersion = 17.5.2.0
MinimumVisualStudioVersion = 10.0.40219.1
Project("{FAE04EC0-301F-11D3-BF4B-00C04F79EFBC}") = "razor-web-app", "razor-web-app.csproj", "{08DDA548-22D5-6F0B-A8D8-2E7686F6A552}"
EndProject
Global
	GlobalSection(SolutionConfigurationPlatforms) = preSolution
		Debug|Any CPU = Debug|Any CPU
		Release|Any CPU = Release|Any CPU
	EndGlobalSection
	GlobalSection(ProjectConfigurationPlatforms) = postSolution
		{08DDA548-22D5-6F0B-A8D8-2E7686F6A552}.Debug|Any CPU.ActiveCfg = Debug|Any CPU
		{08DDA548-22D5-6F0B-A8D8-2E7686F6A552}.Debug|Any CPU.Build.0 = Debug|Any CPU
		{08DDA548-22D5-6F0B-A8D8-2E7686F6A552}.Release|Any CPU.ActiveCfg = Release|Any CPU
		{08DDA548-22D5-6F0B-A8D8-2E7686F6A552}.Release|Any CPU.Build.0 = Release|Any CPU
	EndGlobalSection
	GlobalSection(SolutionProperties) = preSolution
		HideSolutionNode = FALSE
	EndGlobalSection
	GlobalSection(ExtensibilityGlobals) = postSolution
		SolutionGuid = {04A2A8A3-5B70-4088-9FD1-A600A8CACAC0}
	EndGlobalSection
EndGlobal
